PODS:
  - DITranquillity (4.1.4):
    - SwiftLazy (>= 1.1.6)
  - SwiftLazy (1.1.7)

DEPENDENCIES:
  - DITranquillity

SPEC REPOS:
  trunk:
    - DITranquillity
    - SwiftLazy

SPEC CHECKSUMS:
  DITranquillity: c2ebda336fc4b1f54ac379457e2e3f991892e8cc
  SwiftLazy: dcb1edc6c2b633ba2e68f28554d9dd6d1c0bfd13

PODFILE CHECKSUM: 746bbb94ecebaa1af0bd568a0b3f7140e92344be

COCOAPODS: 1.9.3
